
Microsoft Visual Studio Solution File, Format Version 12.00
# Visual Studio Version 16
VisualStudioVersion = 16.0.29709.97
MinimumVisualStudioVersion = 10.0.40219.1
Project("{888888A0-9F3D-457C-B088-3A5042F75D52}") = "CNN", "CNN\CNN.pyproj", "{F190268C-7958-40BC-B5D2-7098DE4B4CC8}"
EndProject
Global
	GlobalSection(SolutionConfigurationPlatforms) = preSolution
		Debug|Any CPU = Debug|Any CPU
		Release|Any CPU = Release|Any CPU
	EndGlobalSection
	GlobalSection(ProjectConfigurationPlatforms) = postSolution
		{F190268C-7958-40BC-B5D2-7098DE4B4CC8}.Debug|Any CPU.ActiveCfg = Debug|Any CPU
		{F190268C-7958-40BC-B5D2-7098DE4B4CC8}.Release|Any CPU.ActiveCfg = Release|Any CPU
	EndGlobalSection
	GlobalSection(SolutionProperties) = preSolution
		HideSolutionNode = FALSE
	EndGlobalSection
	GlobalSection(ExtensibilityGlobals) = postSolution
		SolutionGuid = {B5025A1E-6788-4605-A4F9-269DDE701BBA}
	EndGlobalSection
EndGlobal
