
Microsoft Visual Studio Solution File, Format Version 12.00
# Visual Studio Version 16
VisualStudioVersion = 16.0.29709.97
MinimumVisualStudioVersion = 10.0.40219.1
Project("{FAE04EC0-301F-11D3-BF4B-00C04F79EFBC}") = "CaptureLabel", "CaptureLabel\CaptureLabel.csproj", "{F93BB46E-0FAD-492D-813F-4F5F6A5BE8CA}"
EndProject
Global
	GlobalSection(SolutionConfigurationPlatforms) = preSolution
		Debug|Any CPU = Debug|Any CPU
		Release|Any CPU = Release|Any CPU
	EndGlobalSection
	GlobalSection(ProjectConfigurationPlatforms) = postSolution
		{F93BB46E-0FAD-492D-813F-4F5F6A5BE8CA}.Debug|Any CPU.ActiveCfg = Debug|Any CPU
		{F93BB46E-0FAD-492D-813F-4F5F6A5BE8CA}.Debug|Any CPU.Build.0 = Debug|Any CPU
		{F93BB46E-0FAD-492D-813F-4F5F6A5BE8CA}.Release|Any CPU.ActiveCfg = Release|Any CPU
		{F93BB46E-0FAD-492D-813F-4F5F6A5BE8CA}.Release|Any CPU.Build.0 = Release|Any CPU
	EndGlobalSection
	GlobalSection(SolutionProperties) = preSolution
		HideSolutionNode = FALSE
	EndGlobalSection
	GlobalSection(ExtensibilityGlobals) = postSolution
		SolutionGuid = {2871A997-FA00-4989-8053-42D95A7E4416}
	EndGlobalSection
EndGlobal
