
Microsoft Visual Studio Solution File, Format Version 12.00
# Visual Studio Version 16
VisualStudioVersion = 16.0.29709.97
MinimumVisualStudioVersion = 10.0.40219.1
Project("{888888A0-9F3D-457C-B088-3A5042F75D52}") = "driverMonitoringSystem", "driverMonitoringSystem\driverMonitoringSystem.pyproj", "{1841C1E2-6F58-4CFC-9AFF-AA6E05D03EE8}"
EndProject
Global
	GlobalSection(SolutionConfigurationPlatforms) = preSolution
		Debug|Any CPU = Debug|Any CPU
		Release|Any CPU = Release|Any CPU
	EndGlobalSection
	GlobalSection(ProjectConfigurationPlatforms) = postSolution
		{1841C1E2-6F58-4CFC-9AFF-AA6E05D03EE8}.Debug|Any CPU.ActiveCfg = Debug|Any CPU
		{1841C1E2-6F58-4CFC-9AFF-AA6E05D03EE8}.Release|Any CPU.ActiveCfg = Release|Any CPU
	EndGlobalSection
	GlobalSection(SolutionProperties) = preSolution
		HideSolutionNode = FALSE
	EndGlobalSection
	GlobalSection(ExtensibilityGlobals) = postSolution
		SolutionGuid = {5FAF6B3B-374D-466E-B024-CEFD846D7694}
	EndGlobalSection
EndGlobal
