
Microsoft Visual Studio Solution File, Format Version 12.00
# Visual Studio Version 16
VisualStudioVersion = 16.0.29709.97
MinimumVisualStudioVersion = 10.0.40219.1
Project("{888888A0-9F3D-457C-B088-3A5042F75D52}") = "ImageCapture", "ImageCapture\ImageCapture.pyproj", "{4D09C582-2DAE-4F71-85C7-B1927F17B591}"
EndProject
Global
	GlobalSection(SolutionConfigurationPlatforms) = preSolution
		Debug|Any CPU = Debug|Any CPU
		Release|Any CPU = Release|Any CPU
	EndGlobalSection
	GlobalSection(ProjectConfigurationPlatforms) = postSolution
		{4D09C582-2DAE-4F71-85C7-B1927F17B591}.Debug|Any CPU.ActiveCfg = Debug|Any CPU
		{4D09C582-2DAE-4F71-85C7-B1927F17B591}.Release|Any CPU.ActiveCfg = Release|Any CPU
	EndGlobalSection
	GlobalSection(SolutionProperties) = preSolution
		HideSolutionNode = FALSE
	EndGlobalSection
	GlobalSection(ExtensibilityGlobals) = postSolution
		SolutionGuid = {83FF5137-C93F-4154-85A1-29978D2D7629}
	EndGlobalSection
EndGlobal
